{
  "name": "matwire",
  "version": "1.0.0",
  "lockfileVersion": 1,
  "requires": true,
  "dependencies": {
    "@types/node": {
      "version": "14.0.13",
      "resolved": "https://registry.npmjs.org/@types/node/-/node-14.0.13.tgz",
      "integrity": "sha512-rouEWBImiRaSJsVA+ITTFM6ZxibuAlTuNOCyxVbwreu6k6+ujs7DfnU9o+PShFhET78pMBl3eH+AGSI5eOTkPA=="
    },
    "array-uniq": {
      "version": "1.0.2",
      "resolved": "https://registry.npmjs.org/array-uniq/-/array-uniq-1.0.2.tgz",
      "integrity": "sha1-X8w3OSB3VyPP1k1lxkvvU7+eum0="
    },
    "nodeplotlib": {
      "version": "0.6.5",
      "resolved": "https://registry.npmjs.org/nodeplotlib/-/nodeplotlib-0.6.5.tgz",
      "integrity": "sha512-P2mk3QRjXox0Hr1nhMJwjW7Cp8GgZGBM3xIN6ytNoU8W5RJaUs0qgzilSPZjHJpm1R77oRRS+uJmh+1q0PMwIQ=="
    },
    "plotter": {
      "version": "0.5.0",
      "resolved": "https://registry.npmjs.org/plotter/-/plotter-0.5.0.tgz",
      "integrity": "sha1-oKyPzk0ge5d+0G3oyQZXNYKmSro=",
      "requires": {
        "underscore": "1.4.x"
      }
    },
    "randomstring": {
      "version": "1.1.5",
      "resolved": "https://registry.npmjs.org/randomstring/-/randomstring-1.1.5.tgz",
      "integrity": "sha1-bfBij3XL1ZMpMNn+OrTpVqGFGMM=",
      "requires": {
        "array-uniq": "1.0.2"
      }
    },
    "underscore": {
      "version": "1.4.4",
      "resolved": "https://registry.npmjs.org/underscore/-/underscore-1.4.4.tgz",
      "integrity": "sha1-YaajIBBiKvoHljvzJSA88SI51gQ="
    }
  }
}
